// !$*UTF8*$!
{
	archiveVersion = 1;
	classes = {
	};
	objectVersion = 55;
	objects = {

/* Begin PBXBuildFile section */
		0E5994AA27F460A500E1E5C4 /* AppDelegate.swift in Sources */ = {isa = PBXBuildFile; fileRef = 0E5994A927F460A500E1E5C4 /* AppDelegate.swift */; };
		0E5994AC27F460A500E1E5C4 /* SceneDelegate.swift in Sources */ = {isa = PBXBuildFile; fileRef = 0E5994AB27F460A500E1E5C4 /* SceneDelegate.swift */; };
		0E5994AE27F460A500E1E5C4 /* ViewController.swift in Sources */ = {isa = PBXBuildFile; fileRef = 0E5994AD27F460A500E1E5C4 /* ViewController.swift */; };
		0E5994B127F460A600E1E5C4 /* Main.storyboard in Resources */ = {isa = PBXBuildFile; fileRef = 0E5994AF27F460A600E1E5C4 /* Main.storyboard */; };
		0E5994B327F460A700E1E5C4 /* Assets.xcassets in Resources */ = {isa = PBXBuildFile; fileRef = 0E5994B227F460A700E1E5C4 /* Assets.xcassets */; };
		0E5994B627F460A700E1E5C4 /* LaunchScreen.storyboard in Resources */ = {isa = PBXBuildFile; fileRef = 0E5994B427F460A700E1E5C4 /* LaunchScreen.storyboard */; };
		0E5994C127F460A700E1E5C4 /* CringeRocketTests.swift in Sources */ = {isa = PBXBuildFile; fileRef = 0E5994C027F460A700E1E5C4 /* CringeRocketTests.swift */; };
		0E5994CB27F460A700E1E5C4 /* CringeRocketUITests.swift in Sources */ = {isa = PBXBuildFile; fileRef = 0E5994CA27F460A700E1E5C4 /* CringeRocketUITests.swift */; };
		0E5994CD27F460A700E1E5C4 /* CringeRocketUITestsLaunchTests.swift in Sources */ = {isa = PBXBuildFile; fileRef = 0E5994CC27F460A700E1E5C4 /* CringeRocketUITestsLaunchTests.swift */; };
		0E5994DA27F4663D00E1E5C4 /* GameViewController.swift in Sources */ = {isa = PBXBuildFile; fileRef = 0E5994D927F4663D00E1E5C4 /* GameViewController.swift */; };
/* End PBXBuildFile section */

/* Begin PBXContainerItemProxy section */
		0E5994BD27F460A700E1E5C4 /* PBXContainerItemProxy */ = {
			isa = PBXContainerItemProxy;
			containerPortal = 0E59949E27F460A500E1E5C4 /* Project object */;
			proxyType = 1;
			remoteGlobalIDString = 0E5994A527F460A500E1E5C4;
			remoteInfo = CringeRocket;
		};
		0E5994C727F460A700E1E5C4 /* PBXContainerItemProxy */ = {
			isa = PBXContainerItemProxy;
			containerPortal = 0E59949E27F460A500E1E5C4 /* Project object */;
			proxyType = 1;
			remoteGlobalIDString = 0E5994A527F460A500E1E5C4;
			remoteInfo = CringeRocket;
		};
/* End PBXContainerItemProxy section */

/* Begin PBXFileReference section */
		0E5994A627F460A500E1E5C4 /* CringeRocket.app */ = {isa = PBXFileReference; explicitFileType = wrapper.application; includeInIndex = 0; path = CringeRocket.app; sourceTree = BUILT_PRODUCTS_DIR; };
		0E5994A927F460A500E1E5C4 /* AppDelegate.swift */ = {isa = PBXFileReference; lastKnownFileType = sourcecode.swift; path = AppDelegate.swift; sourceTree = "<group>"; };
		0E5994AB27F460A500E1E5C4 /* SceneDelegate.swift */ = {isa = PBXFileReference; lastKnownFileType = sourcecode.swift; path = SceneDelegate.swift; sourceTree = "<group>"; };
		0E5994AD27F460A500E1E5C4 /* ViewController.swift */ = {isa = PBXFileReference; lastKnownFileType = sourcecode.swift; path = ViewController.swift; sourceTree = "<group>"; };
		0E5994B027F460A600E1E5C4 /* Base */ = {isa = PBXFileReference; lastKnownFileType = file.storyboard; name = Base; path = Base.lproj/Main.storyboard; sourceTree = "<group>"; };
		0E5994B227F460A700E1E5C4 /* Assets.xcassets */ = {isa = PBXFileReference; lastKnownFileType = folder.assetcatalog; path = Assets.xcassets; sourceTree = "<group>"; };
		0E5994B527F460A700E1E5C4 /* Base */ = {isa = PBXFileReference; lastKnownFileType = file.storyboard; name = Base; path = Base.lproj/LaunchScreen.storyboard; sourceTree = "<group>"; };
		0E5994B727F460A700E1E5C4 /* Info.plist */ = {isa = PBXFileReference; lastKnownFileType = text.plist.xml; path = Info.plist; sourceTree = "<group>"; };
		0E5994BC27F460A700E1E5C4 /* CringeRocketTests.xctest */ = {isa = PBXFileReference; explicitFileType = wrapper.cfbundle; includeInIndex = 0; path = CringeRocketTests.xctest; sourceTree = BUILT_PRODUCTS_DIR; };
		0E5994C027F460A700E1E5C4 /* CringeRocketTests.swift */ = {isa = PBXFileReference; lastKnownFileType = sourcecode.swift; path = CringeRocketTests.swift; sourceTree = "<group>"; };
		0E5994C627F460A700E1E5C4 /* CringeRocketUITests.xctest */ = {isa = PBXFileReference; explicitFileType = wrapper.cfbundle; includeInIndex = 0; path = CringeRocketUITests.xctest; sourceTree = BUILT_PRODUCTS_DIR; };
		0E5994CA27F460A700E1E5C4 /* CringeRocketUITests.swift */ = {isa = PBXFileReference; lastKnownFileType = sourcecode.swift; path = CringeRocketUITests.swift; sourceTree = "<group>"; };
		0E5994CC27F460A700E1E5C4 /* CringeRocketUITestsLaunchTests.swift */ = {isa = PBXFileReference; lastKnownFileType = sourcecode.swift; path = CringeRocketUITestsLaunchTests.swift; sourceTree = "<group>"; };
		0E5994D927F4663D00E1E5C4 /* GameViewController.swift */ = {isa = PBXFileReference; lastKnownFileType = sourcecode.swift; path = GameViewController.swift; sourceTree = "<group>"; };
/* End PBXFileReference section */

/* Begin PBXFrameworksBuildPhase section */
		0E5994A327F460A500E1E5C4 /* Frameworks */ = {
			isa = PBXFrameworksBuildPhase;
			buildActionMask = 2147483647;
			files = (
			);
			runOnlyForDeploymentPostprocessing = 0;
		};
		0E5994B927F460A700E1E5C4 /* Frameworks */ = {
			isa = PBXFrameworksBuildPhase;
			buildActionMask = 2147483647;
			files = (
			);
			runOnlyForDeploymentPostprocessing = 0;
		};
		0E5994C327F460A700E1E5C4 /* Frameworks */ = {
			isa = PBXFrameworksBuildPhase;
			buildActionMask = 2147483647;
			files = (
			);
			runOnlyForDeploymentPostprocessing = 0;
		};
/* End PBXFrameworksBuildPhase section */

/* Begin PBXGroup section */
		0E59949D27F460A500E1E5C4 = {
			isa = PBXGroup;
			children = (
				0E5994A827F460A500E1E5C4 /* CringeRocket */,
				0E5994BF27F460A700E1E5C4 /* CringeRocketTests */,
				0E5994C927F460A700E1E5C4 /* CringeRocketUITests */,
				0E5994A727F460A500E1E5C4 /* Products */,
			);
			sourceTree = "<group>";
		};
		0E5994A727F460A500E1E5C4 /* Products */ = {
			isa = PBXGroup;
			children = (
				0E5994A627F460A500E1E5C4 /* CringeRocket.app */,
				0E5994BC27F460A700E1E5C4 /* CringeRocketTests.xctest */,
				0E5994C627F460A700E1E5C4 /* CringeRocketUITests.xctest */,
			);
			name = Products;
			sourceTree = "<group>";
		};
		0E5994A827F460A500E1E5C4 /* CringeRocket */ = {
			isa = PBXGroup;
			children = (
				0E5994A927F460A500E1E5C4 /* AppDelegate.swift */,
				0E5994AB27F460A500E1E5C4 /* SceneDelegate.swift */,
				0E5994AD27F460A500E1E5C4 /* ViewController.swift */,
				0E5994D927F4663D00E1E5C4 /* GameViewController.swift */,
				0E5994AF27F460A600E1E5C4 /* Main.storyboard */,
				0E5994B227F460A700E1E5C4 /* Assets.xcassets */,
				0E5994B427F460A700E1E5C4 /* LaunchScreen.storyboard */,
				0E5994B727F460A700E1E5C4 /* Info.plist */,
			);
			path = CringeRocket;
			sourceTree = "<group>";
		};
		0E5994BF27F460A700E1E5C4 /* CringeRocketTests */ = {
			isa = PBXGroup;
			children = (
				0E5994C027F460A700E1E5C4 /* CringeRocketTests.swift */,
			);
			path = CringeRocketTests;
			sourceTree = "<group>";
		};
		0E5994C927F460A700E1E5C4 /* CringeRocketUITests */ = {
			isa = PBXGroup;
			children = (
				0E5994CA27F460A700E1E5C4 /* CringeRocketUITests.swift */,
				0E5994CC27F460A700E1E5C4 /* CringeRocketUITestsLaunchTests.swift */,
			);
			path = CringeRocketUITests;
			sourceTree = "<group>";
		};
/* End PBXGroup section */

/* Begin PBXNativeTarget section */
		0E5994A527F460A500E1E5C4 /* CringeRocket */ = {
			isa = PBXNativeTarget;
			buildConfigurationList = 0E5994D027F460A700E1E5C4 /* Build configuration list for PBXNativeTarget "CringeRocket" */;
			buildPhases = (
				0E5994A227F460A500E1E5C4 /* Sources */,
				0E5994A327F460A500E1E5C4 /* Frameworks */,
				0E5994A427F460A500E1E5C4 /* Resources */,
			);
			buildRules = (
			);
			dependencies = (
			);
			name = CringeRocket;
			productName = CringeRocket;
			productReference = 0E5994A627F460A500E1E5C4 /* CringeRocket.app */;
			productType = "com.apple.product-type.application";
		};
		0E5994BB27F460A700E1E5C4 /* CringeRocketTests */ = {
			isa = PBXNativeTarget;
			buildConfigurationList = 0E5994D327F460A700E1E5C4 /* Build configuration list for PBXNativeTarget "CringeRocketTests" */;
			buildPhases = (
				0E5994B827F460A700E1E5C4 /* Sources */,
				0E5994B927F460A700E1E5C4 /* Frameworks */,
				0E5994BA27F460A700E1E5C4 /* Resources */,
			);
			buildRules = (
			);
			dependencies = (
				0E5994BE27F460A700E1E5C4 /* PBXTargetDependency */,
			);
			name = CringeRocketTests;
			productName = CringeRocketTests;
			productReference = 0E5994BC27F460A700E1E5C4 /* CringeRocketTests.xctest */;
			productType = "com.apple.product-type.bundle.unit-test";
		};
		0E5994C527F460A700E1E5C4 /* CringeRocketUITests */ = {
			isa = PBXNativeTarget;
			buildConfigurationList = 0E5994D627F460A700E1E5C4 /* Build configuration list for PBXNativeTarget "CringeRocketUITests" */;
			buildPhases = (
				0E5994C227F460A700E1E5C4 /* Sources */,
				0E5994C327F460A700E1E5C4 /* Frameworks */,
				0E5994C427F460A700E1E5C4 /* Resources */,
			);
			buildRules = (
			);
			dependencies = (
				0E5994C827F460A700E1E5C4 /* PBXTargetDependency */,
			);
			name = CringeRocketUITests;
			productName = CringeRocketUITests;
			productReference = 0E5994C627F460A700E1E5C4 /* CringeRocketUITests.xctest */;
			productType = "com.apple.product-type.bundle.ui-testing";
		};
/* End PBXNativeTarget section */

/* Begin PBXProject section */
		0E59949E27F460A500E1E5C4 /* Project object */ = {
			isa = PBXProject;
			attributes = {
				BuildIndependentTargetsInParallel = 1;
				LastSwiftUpdateCheck = 1310;
				LastUpgradeCheck = 1310;
				TargetAttributes = {
					0E5994A527F460A500E1E5C4 = {
						CreatedOnToolsVersion = 13.1;
					};
					0E5994BB27F460A700E1E5C4 = {
						CreatedOnToolsVersion = 13.1;
						TestTargetID = 0E5994A527F460A500E1E5C4;
					};
					0E5994C527F460A700E1E5C4 = {
						CreatedOnToolsVersion = 13.1;
						TestTargetID = 0E5994A527F460A500E1E5C4;
					};
				};
			};
			buildConfigurationList = 0E5994A127F460A500E1E5C4 /* Build configuration list for PBXProject "CringeRocket" */;
			compatibilityVersion = "Xcode 13.0";
			developmentRegion = en;
			hasScannedForEncodings = 0;
			knownRegions = (
				en,
				Base,
			);
			mainGroup = 0E59949D27F460A500E1E5C4;
			productRefGroup = 0E5994A727F460A500E1E5C4 /* Products */;
			projectDirPath = "";
			projectRoot = "";
			targets = (
				0E5994A527F460A500E1E5C4 /* CringeRocket */,
				0E5994BB27F460A700E1E5C4 /* CringeRocketTests */,
				0E5994C527F460A700E1E5C4 /* CringeRocketUITests */,
			);
		};
/* End PBXProject section */

/* Begin PBXResourcesBuildPhase section */
		0E5994A427F460A500E1E5C4 /* Resources */ = {
			isa = PBXResourcesBuildPhase;
			buildActionMask = 2147483647;
			files = (
				0E5994B627F460A700E1E5C4 /* LaunchScreen.storyboard in Resources */,
				0E5994B327F460A700E1E5C4 /* Assets.xcassets in Resources */,
				0E5994B127F460A600E1E5C4 /* Main.storyboard in Resources */,
			);
			runOnlyForDeploymentPostprocessing = 0;
		};
		0E5994BA27F460A700E1E5C4 /* Resources */ = {
			isa = PBXResourcesBuildPhase;
			buildActionMask = 2147483647;
			files = (
			);
			runOnlyForDeploymentPostprocessing = 0;
		};
		0E5994C427F460A700E1E5C4 /* Resources */ = {
			isa = PBXResourcesBuildPhase;
			buildActionMask = 2147483647;
			files = (
			);
			runOnlyForDeploymentPostprocessing = 0;
		};
/* End PBXResourcesBuildPhase section */

/* Begin PBXSourcesBuildPhase section */
		0E5994A227F460A500E1E5C4 /* Sources */ = {
			isa = PBXSourcesBuildPhase;
			buildActionMask = 2147483647;
			files = (
				0E5994DA27F4663D00E1E5C4 /* GameViewController.swift in Sources */,
				0E5994AE27F460A500E1E5C4 /* ViewController.swift in Sources */,
				0E5994AA27F460A500E1E5C4 /* AppDelegate.swift in Sources */,
				0E5994AC27F460A500E1E5C4 /* SceneDelegate.swift in Sources */,
			);
			runOnlyForDeploymentPostprocessing = 0;
		};
		0E5994B827F460A700E1E5C4 /* Sources */ = {
			isa = PBXSourcesBuildPhase;
			buildActionMask = 2147483647;
			files = (
				0E5994C127F460A700E1E5C4 /* CringeRocketTests.swift in Sources */,
			);
			runOnlyForDeploymentPostprocessing = 0;
		};
		0E5994C227F460A700E1E5C4 /* Sources */ = {
			isa = PBXSourcesBuildPhase;
			buildActionMask = 2147483647;
			files = (
				0E5994CD27F460A700E1E5C4 /* CringeRocketUITestsLaunchTests.swift in Sources */,
				0E5994CB27F460A700E1E5C4 /* CringeRocketUITests.swift in Sources */,
			);
			runOnlyForDeploymentPostprocessing = 0;
		};
/* End PBXSourcesBuildPhase section */

/* Begin PBXTargetDependency section */
		0E5994BE27F460A700E1E5C4 /* PBXTargetDependency */ = {
			isa = PBXTargetDependency;
			target = 0E5994A527F460A500E1E5C4 /* CringeRocket */;
			targetProxy = 0E5994BD27F460A700E1E5C4 /* PBXContainerItemProxy */;
		};
		0E5994C827F460A700E1E5C4 /* PBXTargetDependency */ = {
			isa = PBXTargetDependency;
			target = 0E5994A527F460A500E1E5C4 /* CringeRocket */;
			targetProxy = 0E5994C727F460A700E1E5C4 /* PBXContainerItemProxy */;
		};
/* End PBXTargetDependency section */

/* Begin PBXVariantGroup section */
		0E5994AF27F460A600E1E5C4 /* Main.storyboard */ = {
			isa = PBXVariantGroup;
			children = (
				0E5994B027F460A600E1E5C4 /* Base */,
			);
			name = Main.storyboard;
			sourceTree = "<group>";
		};
		0E5994B427F460A700E1E5C4 /* LaunchScreen.storyboard */ = {
			isa = PBXVariantGroup;
			children = (
				0E5994B527F460A700E1E5C4 /* Base */,
			);
			name = LaunchScreen.storyboard;
			sourceTree = "<group>";
		};
/* End PBXVariantGroup section */

/* Begin XCBuildConfiguration section */
		0E5994CE27F460A700E1E5C4 /* Debug */ = {
			isa = XCBuildConfiguration;
			buildSettings = {
				ALWAYS_SEARCH_USER_PATHS = NO;
				CLANG_ANALYZER_NONNULL = YES;
				CLANG_ANALYZER_NUMBER_OBJECT_CONVERSION = YES_AGGRESSIVE;
				CLANG_CXX_LANGUAGE_STANDARD = "gnu++17";
				CLANG_CXX_LIBRARY = "libc++";
				CLANG_ENABLE_MODULES = YES;
				CLANG_ENABLE_OBJC_ARC = YES;
				CLANG_ENABLE_OBJC_WEAK = YES;
				CLANG_WARN_BLOCK_CAPTURE_AUTORELEASING = YES;
				CLANG_WARN_BOOL_CONVERSION = YES;
				CLANG_WARN_COMMA = YES;
				CLANG_WARN_CONSTANT_CONVERSION = YES;
				CLANG_WARN_DEPRECATED_OBJC_IMPLEMENTATIONS = YES;
				CLANG_WARN_DIRECT_OBJC_ISA_USAGE = YES_ERROR;
				CLANG_WARN_DOCUMENTATION_COMMENTS = YES;
				CLANG_WARN_EMPTY_BODY = YES;
				CLANG_WARN_ENUM_CONVERSION = YES;
				CLANG_WARN_INFINITE_RECURSION = YES;
				CLANG_WARN_INT_CONVERSION = YES;
				CLANG_WARN_NON_LITERAL_NULL_CONVERSION = YES;
				CLANG_WARN_OBJC_IMPLICIT_RETAIN_SELF = YES;
				CLANG_WARN_OBJC_LITERAL_CONVERSION = YES;
				CLANG_WARN_OBJC_ROOT_CLASS = YES_ERROR;
				CLANG_WARN_QUOTED_INCLUDE_IN_FRAMEWORK_HEADER = YES;
				CLANG_WARN_RANGE_LOOP_ANALYSIS = YES;
				CLANG_WARN_STRICT_PROTOTYPES = YES;
				CLANG_WARN_SUSPICIOUS_MOVE = YES;
				CLANG_WARN_UNGUARDED_AVAILABILITY = YES_AGGRESSIVE;
				CLANG_WARN_UNREACHABLE_CODE = YES;
				CLANG_WARN__DUPLICATE_METHOD_MATCH = YES;
				COPY_PHASE_STRIP = NO;
				DEBUG_INFORMATION_FORMAT = dwarf;
				ENABLE_STRICT_OBJC_MSGSEND = YES;
				ENABLE_TESTABILITY = YES;
				GCC_C_LANGUAGE_STANDARD = gnu11;
				GCC_DYNAMIC_NO_PIC = NO;
				GCC_NO_COMMON_BLOCKS = YES;
				GCC_OPTIMIZATION_LEVEL = 0;
				GCC_PREPROCESSOR_DEFINITIONS = (
					"DEBUG=1",
					"$(inherited)",
				);
				GCC_WARN_64_TO_32_BIT_CONVERSION = YES;
				GCC_WARN_ABOUT_RETURN_TYPE = YES_ERROR;
				GCC_WARN_UNDECLARED_SELECTOR = YES;
				GCC_WARN_UNINITIALIZED_AUTOS = YES_AGGRESSIVE;
				GCC_WARN_UNUSED_FUNCTION = YES;
				GCC_WARN_UNUSED_VARIABLE = YES;
				IPHONEOS_DEPLOYMENT_TARGET = 15.0;
				MTL_ENABLE_DEBUG_INFO = INCLUDE_SOURCE;
				MTL_FAST_MATH = YES;
				ONLY_ACTIVE_ARCH = YES;
				SDKROOT = iphoneos;
				SWIFT_ACTIVE_COMPILATION_CONDITIONS = DEBUG;
				SWIFT_OPTIMIZATION_LEVEL = "-Onone";
			};
			name = Debug;
		};
		0E5994CF27F460A700E1E5C4 /* Release */ = {
			isa = XCBuildConfiguration;
			buildSettings = {
				ALWAYS_SEARCH_USER_PATHS = NO;
				CLANG_ANALYZER_NONNULL = YES;
				CLANG_ANALYZER_NUMBER_OBJECT_CONVERSION = YES_AGGRESSIVE;
				CLANG_CXX_LANGUAGE_STANDARD = "gnu++17";
				CLANG_CXX_LIBRARY = "libc++";
				CLANG_ENABLE_MODULES = YES;
				CLANG_ENABLE_OBJC_ARC = YES;
				CLANG_ENABLE_OBJC_WEAK = YES;
				CLANG_WARN_BLOCK_CAPTURE_AUTORELEASING = YES;
				CLANG_WARN_BOOL_CONVERSION = YES;
				CLANG_WARN_COMMA = YES;
				CLANG_WARN_CONSTANT_CONVERSION = YES;
				CLANG_WARN_DEPRECATED_OBJC_IMPLEMENTATIONS = YES;
				CLANG_WARN_DIRECT_OBJC_ISA_USAGE = YES_ERROR;
				CLANG_WARN_DOCUMENTATION_COMMENTS = YES;
				CLANG_WARN_EMPTY_BODY = YES;
				CLANG_WARN_ENUM_CONVERSION = YES;
				CLANG_WARN_INFINITE_RECURSION = YES;
				CLANG_WARN_INT_CONVERSION = YES;
				CLANG_WARN_NON_LITERAL_NULL_CONVERSION = YES;
				CLANG_WARN_OBJC_IMPLICIT_RETAIN_SELF = YES;
				CLANG_WARN_OBJC_LITERAL_CONVERSION = YES;
				CLANG_WARN_OBJC_ROOT_CLASS = YES_ERROR;
				CLANG_WARN_QUOTED_INCLUDE_IN_FRAMEWORK_HEADER = YES;
				CLANG_WARN_RANGE_LOOP_ANALYSIS = YES;
				CLANG_WARN_STRICT_PROTOTYPES = YES;
				CLANG_WARN_SUSPICIOUS_MOVE = YES;
				CLANG_WARN_UNGUARDED_AVAILABILITY = YES_AGGRESSIVE;
				CLANG_WARN_UNREACHABLE_CODE = YES;
				CLANG_WARN__DUPLICATE_METHOD_MATCH = YES;
				COPY_PHASE_STRIP = NO;
				DEBUG_INFORMATION_FORMAT = "dwarf-with-dsym";
				ENABLE_NS_ASSERTIONS = NO;
				ENABLE_STRICT_OBJC_MSGSEND = YES;
				GCC_C_LANGUAGE_STANDARD = gnu11;
				GCC_NO_COMMON_BLOCKS = YES;
				GCC_WARN_64_TO_32_BIT_CONVERSION = YES;
				GCC_WARN_ABOUT_RETURN_TYPE = YES_ERROR;
				GCC_WARN_UNDECLARED_SELECTOR = YES;
				GCC_WARN_UNINITIALIZED_AUTOS = YES_AGGRESSIVE;
				GCC_WARN_UNUSED_FUNCTION = YES;
				GCC_WARN_UNUSED_VARIABLE = YES;
				IPHONEOS_DEPLOYMENT_TARGET = 15.0;
				MTL_ENABLE_DEBUG_INFO = NO;
				MTL_FAST_MATH = YES;
				SDKROOT = iphoneos;
				SWIFT_COMPILATION_MODE = wholemodule;
				SWIFT_OPTIMIZATION_LEVEL = "-O";
				VALIDATE_PRODUCT = YES;
			};
			name = Release;
		};
		0E5994D127F460A700E1E5C4 /* Debug */ = {
			isa = XCBuildConfiguration;
			buildSettings = {
				ASSETCATALOG_COMPILER_APPICON_NAME = AppIcon;
				ASSETCATALOG_COMPILER_GLOBAL_ACCENT_COLOR_NAME = AccentColor;
				CODE_SIGN_STYLE = Automatic;
				CURRENT_PROJECT_VERSION = 1;
				GENERATE_INFOPLIST_FILE = YES;
				INFOPLIST_FILE = CringeRocket/Info.plist;
				INFOPLIST_KEY_UIApplicationSupportsIndirectInputEvents = YES;
				INFOPLIST_KEY_UILaunchStoryboardName = LaunchScreen;
				INFOPLIST_KEY_UIMainStoryboardFile = Main;
				INFOPLIST_KEY_UISupportedInterfaceOrientations_iPad = "UIInterfaceOrientationPortrait UIInterfaceOrientationPortraitUpsideDown UIInterfaceOrientationLandscapeLeft UIInterfaceOrientationLandscapeRight";
				INFOPLIST_KEY_UISupportedInterfaceOrientations_iPhone = "UIInterfaceOrientationPortrait UIInterfaceOrientationLandscapeLeft UIInterfaceOrientationLandscapeRight";
				LD_RUNPATH_SEARCH_PATHS = (
					"$(inherited)",
					"@executable_path/Frameworks",
				);
				MARKETING_VERSION = 1.0;
				PRODUCT_BUNDLE_IDENTIFIER = miage.CringeRocket;
				PRODUCT_NAME = "$(TARGET_NAME)";
				SWIFT_EMIT_LOC_STRINGS = YES;
				SWIFT_VERSION = 5.0;
				TARGETED_DEVICE_FAMILY = "1,2";
			};
			name = Debug;
		};
		0E5994D227F460A700E1E5C4 /* Release */ = {
			isa = XCBuildConfiguration;
			buildSettings = {
				ASSETCATALOG_COMPILER_APPICON_NAME = AppIcon;
				ASSETCATALOG_COMPILER_GLOBAL_ACCENT_COLOR_NAME = AccentColor;
				CODE_SIGN_STYLE = Automatic;
				CURRENT_PROJECT_VERSION = 1;
				GENERATE_INFOPLIST_FILE = YES;
				INFOPLIST_FILE = CringeRocket/Info.plist;
				INFOPLIST_KEY_UIApplicationSupportsIndirectInputEvents = YES;
				INFOPLIST_KEY_UILaunchStoryboardName = LaunchScreen;
				INFOPLIST_KEY_UIMainStoryboardFile = Main;
				INFOPLIST_KEY_UISupportedInterfaceOrientations_iPad = "UIInterfaceOrientationPortrait UIInterfaceOrientationPortraitUpsideDown UIInterfaceOrientationLandscapeLeft UIInterfaceOrientationLandscapeRight";
				INFOPLIST_KEY_UISupportedInterfaceOrientations_iPhone = "UIInterfaceOrientationPortrait UIInterfaceOrientationLandscapeLeft UIInterfaceOrientationLandscapeRight";
				LD_RUNPATH_SEARCH_PATHS = (
					"$(inherited)",
					"@executable_path/Frameworks",
				);
				MARKETING_VERSION = 1.0;
				PRODUCT_BUNDLE_IDENTIFIER = miage.CringeRocket;
				PRODUCT_NAME = "$(TARGET_NAME)";
				SWIFT_EMIT_LOC_STRINGS = YES;
				SWIFT_VERSION = 5.0;
				TARGETED_DEVICE_FAMILY = "1,2";
			};
			name = Release;
		};
		0E5994D427F460A700E1E5C4 /* Debug */ = {
			isa = XCBuildConfiguration;
			buildSettings = {
				ALWAYS_EMBED_SWIFT_STANDARD_LIBRARIES = YES;
				BUNDLE_LOADER = "$(TEST_HOST)";
				CODE_SIGN_STYLE = Automatic;
				CURRENT_PROJECT_VERSION = 1;
				GENERATE_INFOPLIST_FILE = YES;
				IPHONEOS_DEPLOYMENT_TARGET = 15.0;
				LD_RUNPATH_SEARCH_PATHS = (
					"$(inherited)",
					"@executable_path/Frameworks",
					"@loader_path/Frameworks",
				);
				MARKETING_VERSION = 1.0;
				PRODUCT_BUNDLE_IDENTIFIER = miage.CringeRocketTests;
				PRODUCT_NAME = "$(TARGET_NAME)";
				SWIFT_EMIT_LOC_STRINGS = NO;
				SWIFT_VERSION = 5.0;
				TARGETED_DEVICE_FAMILY = "1,2";
				TEST_HOST = "$(BUILT_PRODUCTS_DIR)/CringeRocket.app/CringeRocket";
			};
			name = Debug;
		};
		0E5994D527F460A700E1E5C4 /* Release */ = {
			isa = XCBuildConfiguration;
			buildSettings = {
				ALWAYS_EMBED_SWIFT_STANDARD_LIBRARIES = YES;
				BUNDLE_LOADER = "$(TEST_HOST)";
				CODE_SIGN_STYLE = Automatic;
				CURRENT_PROJECT_VERSION = 1;
				GENERATE_INFOPLIST_FILE = YES;
				IPHONEOS_DEPLOYMENT_TARGET = 15.0;
				LD_RUNPATH_SEARCH_PATHS = (
					"$(inherited)",
					"@executable_path/Frameworks",
					"@loader_path/Frameworks",
				);
				MARKETING_VERSION = 1.0;
				PRODUCT_BUNDLE_IDENTIFIER = miage.CringeRocketTests;
				PRODUCT_NAME = "$(TARGET_NAME)";
				SWIFT_EMIT_LOC_STRINGS = NO;
				SWIFT_VERSION = 5.0;
				TARGETED_DEVICE_FAMILY = "1,2";
				TEST_HOST = "$(BUILT_PRODUCTS_DIR)/CringeRocket.app/CringeRocket";
			};
			name = Release;
		};
		0E5994D727F460A700E1E5C4 /* Debug */ = {
			isa = XCBuildConfiguration;
			buildSettings = {
				ALWAYS_EMBED_SWIFT_STANDARD_LIBRARIES = YES;
				CODE_SIGN_STYLE = Automatic;
				CURRENT_PROJECT_VERSION = 1;
				GENERATE_INFOPLIST_FILE = YES;
				LD_RUNPATH_SEARCH_PATHS = (
					"$(inherited)",
					"@executable_path/Frameworks",
					"@loader_path/Frameworks",
				);
				MARKETING_VERSION = 1.0;
				PRODUCT_BUNDLE_IDENTIFIER = miage.CringeRocketUITests;
				PRODUCT_NAME = "$(TARGET_NAME)";
				SWIFT_EMIT_LOC_STRINGS = NO;
				SWIFT_VERSION = 5.0;
				TARGETED_DEVICE_FAMILY = "1,2";
				TEST_TARGET_NAME = CringeRocket;
			};
			name = Debug;
		};
		0E5994D827F460A700E1E5C4 /* Release */ = {
			isa = XCBuildConfiguration;
			buildSettings = {
				ALWAYS_EMBED_SWIFT_STANDARD_LIBRARIES = YES;
				CODE_SIGN_STYLE = Automatic;
				CURRENT_PROJECT_VERSION = 1;
				GENERATE_INFOPLIST_FILE = YES;
				LD_RUNPATH_SEARCH_PATHS = (
					"$(inherited)",
					"@executable_path/Frameworks",
					"@loader_path/Frameworks",
				);
				MARKETING_VERSION = 1.0;
				PRODUCT_BUNDLE_IDENTIFIER = miage.CringeRocketUITests;
				PRODUCT_NAME = "$(TARGET_NAME)";
				SWIFT_EMIT_LOC_STRINGS = NO;
				SWIFT_VERSION = 5.0;
				TARGETED_DEVICE_FAMILY = "1,2";
				TEST_TARGET_NAME = CringeRocket;
			};
			name = Release;
		};
/* End XCBuildConfiguration section */

/* Begin XCConfigurationList section */
		0E5994A127F460A500E1E5C4 /* Build configuration list for PBXProject "CringeRocket" */ = {
			isa = XCConfigurationList;
			buildConfigurations = (
				0E5994CE27F460A700E1E5C4 /* Debug */,
				0E5994CF27F460A700E1E5C4 /* Release */,
			);
			defaultConfigurationIsVisible = 0;
			defaultConfigurationName = Release;
		};
		0E5994D027F460A700E1E5C4 /* Build configuration list for PBXNativeTarget "CringeRocket" */ = {
			isa = XCConfigurationList;
			buildConfigurations = (
				0E5994D127F460A700E1E5C4 /* Debug */,
				0E5994D227F460A700E1E5C4 /* Release */,
			);
			defaultConfigurationIsVisible = 0;
			defaultConfigurationName = Release;
		};
		0E5994D327F460A700E1E5C4 /* Build configuration list for PBXNativeTarget "CringeRocketTests" */ = {
			isa = XCConfigurationList;
			buildConfigurations = (
				0E5994D427F460A700E1E5C4 /* Debug */,
				0E5994D527F460A700E1E5C4 /* Release */,
			);
			defaultConfigurationIsVisible = 0;
			defaultConfigurationName = Release;
		};
		0E5994D627F460A700E1E5C4 /* Build configuration list for PBXNativeTarget "CringeRocketUITests" */ = {
			isa = XCConfigurationList;
			buildConfigurations = (
				0E5994D727F460A700E1E5C4 /* Debug */,
				0E5994D827F460A700E1E5C4 /* Release */,
			);
			defaultConfigurationIsVisible = 0;
			defaultConfigurationName = Release;
		};
/* End XCConfigurationList section */
	};
	rootObject = 0E59949E27F460A500E1E5C4 /* Project object */;
}
